
Microsoft Visual Studio Solution File, Format Version 10.00
# Visual C++ Express 2008
Project("{8BC9CEB8-8B4A-11D0-8D11-00A0C91BC942}") = "Emma 02", "Emma 02 vc9.vcproj", "{0EB8F4E8-7651-4F9C-8ECD-4C540EF3A27D}"
EndProject
Global
	GlobalSection(SolutionConfigurationPlatforms) = preSolution
		Debug|Win32 = Debug|Win32
		Debug|x64 = Debug|x64
		DLL Debug|Win32 = DLL Debug|Win32
		DLL Debug|x64 = DLL Debug|x64
		DLL Release|Win32 = DLL Release|Win32
		DLL Release|x64 = DLL Release|x64
		DLL Unicode Debug|Win32 = DLL Unicode Debug|Win32
		DLL Unicode Debug|x64 = DLL Unicode Debug|x64
		DLL Unicode Release|Win32 = DLL Unicode Release|Win32
		DLL Unicode Release|x64 = DLL Unicode Release|x64
		DLL Universal Debug|Win32 = DLL Universal Debug|Win32
		DLL Universal Debug|x64 = DLL Universal Debug|x64
		DLL Universal Release|Win32 = DLL Universal Release|Win32
		DLL Universal Release|x64 = DLL Universal Release|x64
		DLL Universal Unicode Debug|Win32 = DLL Universal Unicode Debug|Win32
		DLL Universal Unicode Debug|x64 = DLL Universal Unicode Debug|x64
		DLL Universal Unicode Release|Win32 = DLL Universal Unicode Release|Win32
		DLL Universal Unicode Release|x64 = DLL Universal Unicode Release|x64
		Release|Win32 = Release|Win32
		Release|x64 = Release|x64
		Unicode Debug|Win32 = Unicode Debug|Win32
		Unicode Debug|x64 = Unicode Debug|x64
		Unicode Release|Win32 = Unicode Release|Win32
		Unicode Release|x64 = Unicode Release|x64
		Universal Debug|Win32 = Universal Debug|Win32
		Universal Debug|x64 = Universal Debug|x64
		Universal Release|Win32 = Universal Release|Win32
		Universal Release|x64 = Universal Release|x64
		Universal Unicode Debug|Win32 = Universal Unicode Debug|Win32
		Universal Unicode Debug|x64 = Universal Unicode Debug|x64
		Universal Unicode Release|Win32 = Universal Unicode Release|Win32
		Universal Unicode Release|x64 = Universal Unicode Release|x64
	EndGlobalSection
	GlobalSection(ProjectConfigurationPlatforms) = postSolution
		{0EB8F4E8-7651-4F9C-8ECD-4C540EF3A27D}.Debug|Win32.ActiveCfg = Debug|Win32
		{0EB8F4E8-7651-4F9C-8ECD-4C540EF3A27D}.Debug|Win32.Build.0 = Debug|Win32
		{0EB8F4E8-7651-4F9C-8ECD-4C540EF3A27D}.Debug|x64.ActiveCfg = Debug|x64
		{0EB8F4E8-7651-4F9C-8ECD-4C540EF3A27D}.Debug|x64.Build.0 = Debug|x64
		{0EB8F4E8-7651-4F9C-8ECD-4C540EF3A27D}.DLL Debug|Win32.ActiveCfg = Release|Win32
		{0EB8F4E8-7651-4F9C-8ECD-4C540EF3A27D}.DLL Debug|Win32.Build.0 = Release|Win32
		{0EB8F4E8-7651-4F9C-8ECD-4C540EF3A27D}.DLL Debug|x64.ActiveCfg = Debug|x64
		{0EB8F4E8-7651-4F9C-8ECD-4C540EF3A27D}.DLL Debug|x64.Build.0 = Debug|x64
		{0EB8F4E8-7651-4F9C-8ECD-4C540EF3A27D}.DLL Release|Win32.ActiveCfg = Release|Win32
		{0EB8F4E8-7651-4F9C-8ECD-4C540EF3A27D}.DLL Release|Win32.Build.0 = Release|Win32
		{0EB8F4E8-7651-4F9C-8ECD-4C540EF3A27D}.DLL Release|x64.ActiveCfg = Release|x64
		{0EB8F4E8-7651-4F9C-8ECD-4C540EF3A27D}.DLL Release|x64.Build.0 = Release|x64
		{0EB8F4E8-7651-4F9C-8ECD-4C540EF3A27D}.DLL Unicode Debug|Win32.ActiveCfg = Debug|Win32
		{0EB8F4E8-7651-4F9C-8ECD-4C540EF3A27D}.DLL Unicode Debug|Win32.Build.0 = Debug|Win32
		{0EB8F4E8-7651-4F9C-8ECD-4C540EF3A27D}.DLL Unicode Debug|x64.ActiveCfg = Debug|x64
		{0EB8F4E8-7651-4F9C-8ECD-4C540EF3A27D}.DLL Unicode Debug|x64.Build.0 = Debug|x64
		{0EB8F4E8-7651-4F9C-8ECD-4C540EF3A27D}.DLL Unicode Release|Win32.ActiveCfg = Release|Win32
		{0EB8F4E8-7651-4F9C-8ECD-4C540EF3A27D}.DLL Unicode Release|Win32.Build.0 = Release|Win32
		{0EB8F4E8-7651-4F9C-8ECD-4C540EF3A27D}.DLL Unicode Release|x64.ActiveCfg = Release|x64
		{0EB8F4E8-7651-4F9C-8ECD-4C540EF3A27D}.DLL Unicode Release|x64.Build.0 = Release|x64
		{0EB8F4E8-7651-4F9C-8ECD-4C540EF3A27D}.DLL Universal Debug|Win32.ActiveCfg = Debug|Win32
		{0EB8F4E8-7651-4F9C-8ECD-4C540EF3A27D}.DLL Universal Debug|Win32.Build.0 = Debug|Win32
		{0EB8F4E8-7651-4F9C-8ECD-4C540EF3A27D}.DLL Universal Debug|x64.ActiveCfg = Debug|x64
		{0EB8F4E8-7651-4F9C-8ECD-4C540EF3A27D}.DLL Universal Debug|x64.Build.0 = Debug|x64
		{0EB8F4E8-7651-4F9C-8ECD-4C540EF3A27D}.DLL Universal Release|Win32.ActiveCfg = Release|Win32
		{0EB8F4E8-7651-4F9C-8ECD-4C540EF3A27D}.DLL Universal Release|Win32.Build.0 = Release|Win32
		{0EB8F4E8-7651-4F9C-8ECD-4C540EF3A27D}.DLL Universal Release|x64.ActiveCfg = Release|x64
		{0EB8F4E8-7651-4F9C-8ECD-4C540EF3A27D}.DLL Universal Release|x64.Build.0 = Release|x64
		{0EB8F4E8-7651-4F9C-8ECD-4C540EF3A27D}.DLL Universal Unicode Debug|Win32.ActiveCfg = Debug|Win32
		{0EB8F4E8-7651-4F9C-8ECD-4C540EF3A27D}.DLL Universal Unicode Debug|Win32.Build.0 = Debug|Win32
		{0EB8F4E8-7651-4F9C-8ECD-4C540EF3A27D}.DLL Universal Unicode Debug|x64.ActiveCfg = Debug|x64
		{0EB8F4E8-7651-4F9C-8ECD-4C540EF3A27D}.DLL Universal Unicode Debug|x64.Build.0 = Debug|x64
		{0EB8F4E8-7651-4F9C-8ECD-4C540EF3A27D}.DLL Universal Unicode Release|Win32.ActiveCfg = Release|Win32
		{0EB8F4E8-7651-4F9C-8ECD-4C540EF3A27D}.DLL Universal Unicode Release|Win32.Build.0 = Release|Win32
		{0EB8F4E8-7651-4F9C-8ECD-4C540EF3A27D}.DLL Universal Unicode Release|x64.ActiveCfg = Release|x64
		{0EB8F4E8-7651-4F9C-8ECD-4C540EF3A27D}.DLL Universal Unicode Release|x64.Build.0 = Release|x64
		{0EB8F4E8-7651-4F9C-8ECD-4C540EF3A27D}.Release|Win32.ActiveCfg = Release|Win32
		{0EB8F4E8-7651-4F9C-8ECD-4C540EF3A27D}.Release|Win32.Build.0 = Release|Win32
		{0EB8F4E8-7651-4F9C-8ECD-4C540EF3A27D}.Release|x64.ActiveCfg = Release|x64
		{0EB8F4E8-7651-4F9C-8ECD-4C540EF3A27D}.Release|x64.Build.0 = Release|x64
		{0EB8F4E8-7651-4F9C-8ECD-4C540EF3A27D}.Unicode Debug|Win32.ActiveCfg = Debug|Win32
		{0EB8F4E8-7651-4F9C-8ECD-4C540EF3A27D}.Unicode Debug|Win32.Build.0 = Debug|Win32
		{0EB8F4E8-7651-4F9C-8ECD-4C540EF3A27D}.Unicode Debug|x64.ActiveCfg = Debug|x64
		{0EB8F4E8-7651-4F9C-8ECD-4C540EF3A27D}.Unicode Debug|x64.Build.0 = Debug|x64
		{0EB8F4E8-7651-4F9C-8ECD-4C540EF3A27D}.Unicode Release|Win32.ActiveCfg = Release|Win32
		{0EB8F4E8-7651-4F9C-8ECD-4C540EF3A27D}.Unicode Release|Win32.Build.0 = Release|Win32
		{0EB8F4E8-7651-4F9C-8ECD-4C540EF3A27D}.Unicode Release|x64.ActiveCfg = Release|x64
		{0EB8F4E8-7651-4F9C-8ECD-4C540EF3A27D}.Unicode Release|x64.Build.0 = Release|x64
		{0EB8F4E8-7651-4F9C-8ECD-4C540EF3A27D}.Universal Debug|Win32.ActiveCfg = Debug|Win32
		{0EB8F4E8-7651-4F9C-8ECD-4C540EF3A27D}.Universal Debug|Win32.Build.0 = Debug|Win32
		{0EB8F4E8-7651-4F9C-8ECD-4C540EF3A27D}.Universal Debug|x64.ActiveCfg = Debug|x64
		{0EB8F4E8-7651-4F9C-8ECD-4C540EF3A27D}.Universal Debug|x64.Build.0 = Debug|x64
		{0EB8F4E8-7651-4F9C-8ECD-4C540EF3A27D}.Universal Release|Win32.ActiveCfg = Release|Win32
		{0EB8F4E8-7651-4F9C-8ECD-4C540EF3A27D}.Universal Release|Win32.Build.0 = Release|Win32
		{0EB8F4E8-7651-4F9C-8ECD-4C540EF3A27D}.Universal Release|x64.ActiveCfg = Release|x64
		{0EB8F4E8-7651-4F9C-8ECD-4C540EF3A27D}.Universal Release|x64.Build.0 = Release|x64
		{0EB8F4E8-7651-4F9C-8ECD-4C540EF3A27D}.Universal Unicode Debug|Win32.ActiveCfg = Debug|Win32
		{0EB8F4E8-7651-4F9C-8ECD-4C540EF3A27D}.Universal Unicode Debug|Win32.Build.0 = Debug|Win32
		{0EB8F4E8-7651-4F9C-8ECD-4C540EF3A27D}.Universal Unicode Debug|x64.ActiveCfg = Debug|x64
		{0EB8F4E8-7651-4F9C-8ECD-4C540EF3A27D}.Universal Unicode Debug|x64.Build.0 = Debug|x64
		{0EB8F4E8-7651-4F9C-8ECD-4C540EF3A27D}.Universal Unicode Release|Win32.ActiveCfg = Release|Win32
		{0EB8F4E8-7651-4F9C-8ECD-4C540EF3A27D}.Universal Unicode Release|Win32.Build.0 = Release|Win32
		{0EB8F4E8-7651-4F9C-8ECD-4C540EF3A27D}.Universal Unicode Release|x64.ActiveCfg = Release|x64
		{0EB8F4E8-7651-4F9C-8ECD-4C540EF3A27D}.Universal Unicode Release|x64.Build.0 = Release|x64
	EndGlobalSection
	GlobalSection(SolutionProperties) = preSolution
		HideSolutionNode = FALSE
	EndGlobalSection
EndGlobal
