<?xml version="1.0" encoding="utf-8"?>
<Project ToolsVersion="4.0" xmlns="http://schemas.microsoft.com/developer/msbuild/2003">
  <ItemGroup>
    <ClCompile Include="src\encrypt.cpp">
      <Filter>Source Files</Filter>
    </ClCompile>
    <ClCompile Include="src\about.cpp">
      <Filter>Source Files</Filter>
    </ClCompile>
    <ClCompile Include="src\audioin_windib.c">
      <Filter>Source Files</Filter>
    </ClCompile>
    <ClCompile Include="src\Blip_Buffer.cpp">
      <Filter>Source Files</Filter>
    </ClCompile>
    <ClCompile Include="src\breakpoints.cpp">
      <Filter>Source Files</Filter>
    </ClCompile>
    <ClCompile Include="src\cdp1802.cpp">
      <Filter>Source Files</Filter>
    </ClCompile>
    <ClCompile Include="src\cidelsa.cpp">
      <Filter>Source Files</Filter>
    </ClCompile>
    <ClCompile Include="src\cidelsastatusbar.cpp">
      <Filter>Source Files</Filter>
    </ClCompile>
    <ClCompile Include="src\colour.cpp">
      <Filter>Source Files</Filter>
    </ClCompile>
    <ClCompile Include="src\computer.cpp">
      <Filter>Source Files</Filter>
    </ClCompile>
    <ClCompile Include="src\comx35.cpp">
      <Filter>Source Files</Filter>
    </ClCompile>
    <ClCompile Include="src\comxstatusbar.cpp">
      <Filter>Source Files</Filter>
    </ClCompile>
    <ClCompile Include="src\configuration.cpp">
      <Filter>Source Files</Filter>
    </ClCompile>
    <ClCompile Include="src\cosmicos.cpp">
      <Filter>Source Files</Filter>
    </ClCompile>
    <ClCompile Include="src\cosmicoshex.cpp">
      <Filter>Source Files</Filter>
    </ClCompile>
    <ClCompile Include="src\datadir.cpp">
      <Filter>Source Files</Filter>
    </ClCompile>
    <ClCompile Include="src\debug.cpp">
      <Filter>Source Files</Filter>
    </ClCompile>
    <ClCompile Include="src\diagstatusbar.cpp">
      <Filter>Source Files</Filter>
    </ClCompile>
    <ClCompile Include="src\elf.cpp">
      <Filter>Source Files</Filter>
    </ClCompile>
    <ClCompile Include="src\elf2.cpp">
      <Filter>Source Files</Filter>
    </ClCompile>
    <ClCompile Include="src\elf2k.cpp">
      <Filter>Source Files</Filter>
    </ClCompile>
    <ClCompile Include="src\elf2kdisk.cpp">
      <Filter>Source Files</Filter>
    </ClCompile>
    <ClCompile Include="src\elf2khex.cpp">
      <Filter>Source Files</Filter>
    </ClCompile>
    <ClCompile Include="src\elf2kswitch.cpp">
      <Filter>Source Files</Filter>
    </ClCompile>
    <ClCompile Include="src\eti660.cpp">
      <Filter>Source Files</Filter>
    </ClCompile>
    <ClCompile Include="src\expansion.cpp">
      <Filter>Source Files</Filter>
    </ClCompile>
    <ClCompile Include="src\fdc.cpp">
      <Filter>Source Files</Filter>
    </ClCompile>
    <ClCompile Include="src\functionkey.cpp">
      <Filter>Source Files</Filter>
    </ClCompile>
    <ClCompile Include="src\guicidelsa.cpp">
      <Filter>Source Files</Filter>
    </ClCompile>
    <ClCompile Include="src\guicomx.cpp">
      <Filter>Source Files</Filter>
    </ClCompile>
    <ClCompile Include="src\guicosmicos.cpp">
      <Filter>Source Files</Filter>
    </ClCompile>
    <ClCompile Include="src\guidiag.cpp">
      <Filter>Source Files</Filter>
    </ClCompile>
    <ClCompile Include="src\guielf.cpp">
      <Filter>Source Files</Filter>
    </ClCompile>
    <ClCompile Include="src\guielf2k.cpp">
      <Filter>Source Files</Filter>
    </ClCompile>
    <ClCompile Include="src\guieprom.cpp">
      <Filter>Source Files</Filter>
    </ClCompile>
    <ClCompile Include="src\guimain.cpp">
      <Filter>Source Files</Filter>
    </ClCompile>
    <ClCompile Include="src\guieti660.cpp">
      <Filter>Source Files</Filter>
    </ClCompile>
    <ClCompile Include="src\guimcds.cpp">
      <Filter>Source Files</Filter>
    </ClCompile>
    <ClCompile Include="src\guimembership.cpp">
      <Filter>Source Files</Filter>
    </ClCompile>
    <ClCompile Include="src\guimicrotutor.cpp">
      <Filter>Source Files</Filter>
    </ClCompile>
    <ClCompile Include="src\guims2000.cpp">
      <Filter>Source Files</Filter>
    </ClCompile>
    <ClCompile Include="src\guipecom.cpp">
      <Filter>Source Files</Filter>
    </ClCompile>
    <ClCompile Include="src\guinano.cpp">
      <Filter>Source Files</Filter>
    </ClCompile>
    <ClCompile Include="src\guipopup.cpp">
      <Filter>Source Files</Filter>
    </ClCompile>
    <ClCompile Include="src\guisb.cpp">
      <Filter>Source Files</Filter>
    </ClCompile>
    <ClCompile Include="src\guistudio2.cpp">
      <Filter>Source Files</Filter>
    </ClCompile>
    <ClCompile Include="src\guitmc600.cpp">
      <Filter>Source Files</Filter>
    </ClCompile>
    <ClCompile Include="src\guitmc2000.cpp">
      <Filter>Source Files</Filter>
    </ClCompile>
    <ClCompile Include="src\guivelf.cpp">
      <Filter>Source Files</Filter>
    </ClCompile>
    <ClCompile Include="src\guivip.cpp">
      <Filter>Source Files</Filter>
    </ClCompile>
    <ClCompile Include="src\guivip2.cpp">
      <Filter>Source Files</Filter>
    </ClCompile>
    <ClCompile Include="src\hbelf.cpp">
      <Filter>Source Files</Filter>
    </ClCompile>
    <ClCompile Include="src\i8275.cpp">
      <Filter>Source Files</Filter>
    </ClCompile>
    <ClCompile Include="src\ide.cpp">
      <Filter>Source Files</Filter>
    </ClCompile>
    <ClCompile Include="src\iodevice.cpp">
      <Filter>Source Files</Filter>
    </ClCompile>
    <ClCompile Include="src\joycard.cpp">
      <Filter>Source Files</Filter>
    </ClCompile>
    <ClCompile Include="src\keyboard.cpp">
      <Filter>Source Files</Filter>
    </ClCompile>
    <ClCompile Include="src\keymap.cpp">
      <Filter>Source Files</Filter>
    </ClCompile>
    <ClCompile Include="src\keymaptmc.cpp">
      <Filter>Source Files</Filter>
    </ClCompile>
    <ClCompile Include="src\keypad.cpp">
      <Filter>Source Files</Filter>
    </ClCompile>
    <ClCompile Include="src\led.cpp">
      <Filter>Source Files</Filter>
    </ClCompile>
    <ClCompile Include="src\ledmodule.cpp">
      <Filter>Source Files</Filter>
    </ClCompile>
    <ClCompile Include="src\mac.cpp">
      <Filter>Source Files</Filter>
    </ClCompile>
    <ClCompile Include="src\main.cpp">
      <Filter>Source Files</Filter>
    </ClCompile>
    <ClCompile Include="src\mc6845.cpp">
      <Filter>Source Files</Filter>
    </ClCompile>
    <ClCompile Include="src\mc6847.cpp">
      <Filter>Source Files</Filter>
    </ClCompile>
    <ClCompile Include="src\mcds.cpp">
      <Filter>Source Files</Filter>
    </ClCompile>
    <ClCompile Include="src\member.cpp">
      <Filter>Source Files</Filter>
    </ClCompile>
    <ClCompile Include="src\memory.cpp">
      <Filter>Source Files</Filter>
    </ClCompile>
    <ClCompile Include="src\microtutor.cpp">
      <Filter>Source Files</Filter>
    </ClCompile>
    <ClCompile Include="src\ms2000.cpp">
      <Filter>Source Files</Filter>
    </ClCompile>
    <ClCompile Include="src\nano.cpp">
      <Filter>Source Files</Filter>
    </ClCompile>
    <ClCompile Include="src\pecom.cpp">
      <Filter>Source Files</Filter>
    </ClCompile>
    <ClCompile Include="src\pixie.cpp">
      <Filter>Source Files</Filter>
    </ClCompile>
    <ClCompile Include="src\portext.cpp">
      <Filter>Source Files</Filter>
    </ClCompile>
    <ClCompile Include="src\ports.cpp">
      <Filter>Source Files</Filter>
    </ClCompile>
    <ClCompile Include="src\printer.cpp">
      <Filter>Source Files</Filter>
    </ClCompile>
    <ClCompile Include="src\ps2.cpp">
      <Filter>Source Files</Filter>
    </ClCompile>
    <ClCompile Include="src\ps2gpio.cpp">
      <Filter>Source Files</Filter>
    </ClCompile>
    <ClCompile Include="src\psave.cpp">
      <Filter>Source Files</Filter>
    </ClCompile>
    <ClCompile Include="src\pushbutton.cpp">
      <Filter>Source Files</Filter>
    </ClCompile>
    <ClCompile Include="src\SDL_audioin.c">
      <Filter>Source Files</Filter>
    </ClCompile>
    <ClCompile Include="src\sound.cpp">
      <Filter>Source Files</Filter>
    </ClCompile>
    <ClCompile Include="src\splash.cpp">
      <Filter>Source Files</Filter>
    </ClCompile>
    <ClCompile Include="src\studio2.cpp">
      <Filter>Source Files</Filter>
    </ClCompile>
    <ClCompile Include="src\super.cpp">
      <Filter>Source Files</Filter>
    </ClCompile>
    <ClCompile Include="src\Sync_Audio.cpp">
      <Filter>Source Files</Filter>
    </ClCompile>
    <ClCompile Include="src\til311.cpp">
      <Filter>Source Files</Filter>
    </ClCompile>
    <ClCompile Include="src\til313.cpp">
      <Filter>Source Files</Filter>
    </ClCompile>
    <ClCompile Include="src\til313.full.cpp">
      <Filter>Source Files</Filter>
    </ClCompile>
    <ClCompile Include="src\tmc600.cpp">
      <Filter>Source Files</Filter>
    </ClCompile>
    <ClCompile Include="src\tmc1800.cpp">
      <Filter>Source Files</Filter>
    </ClCompile>
    <ClCompile Include="src\tmc2000.cpp">
      <Filter>Source Files</Filter>
    </ClCompile>
    <ClCompile Include="src\tms9918.cpp">
      <Filter>Source Files</Filter>
    </ClCompile>
    <ClCompile Include="src\upd765.cpp">
      <Filter>Source Files</Filter>
    </ClCompile>
    <ClCompile Include="src\usb.cpp">
      <Filter>Source Files</Filter>
    </ClCompile>
    <ClCompile Include="src\v1870.cpp">
      <Filter>Source Files</Filter>
    </ClCompile>
    <ClCompile Include="src\velf.cpp">
      <Filter>Source Files</Filter>
    </ClCompile>
    <ClCompile Include="src\victory.cpp">
      <Filter>Source Files</Filter>
    </ClCompile>
    <ClCompile Include="src\video.cpp">
      <Filter>Source Files</Filter>
    </ClCompile>
    <ClCompile Include="src\vip.cpp">
      <Filter>Source Files</Filter>
    </ClCompile>
    <ClCompile Include="src\vip2.cpp">
      <Filter>Source Files</Filter>
    </ClCompile>
    <ClCompile Include="src\vip2statusbar.cpp">
      <Filter>Source Files</Filter>
    </ClCompile>
    <ClCompile Include="src\visicom.cpp">
      <Filter>Source Files</Filter>
    </ClCompile>
    <ClCompile Include="src\vt100.cpp">
      <Filter>Source Files</Filter>
    </ClCompile>
    <ClCompile Include="src\vtsetup.cpp">
      <Filter>Source Files</Filter>
    </ClCompile>
    <ClCompile Include="src\waveReader.cpp">
      <Filter>Source Files</Filter>
    </ClCompile>
    <ClCompile Include="src\waveWriter.cpp">
      <Filter>Source Files</Filter>
    </ClCompile>
    <ClCompile Include="src\base.cpp">
      <Filter>Source Files</Filter>
    </ClCompile>
    <ClCompile Include="src\http.cpp">
      <Filter>Source Files</Filter>
    </ClCompile>
    <ClCompile Include="src\audioin_devdsp.c">
      <Filter>Source Files</Filter>
    </ClCompile>
  </ItemGroup>
  <ItemGroup>
    <ClInclude Include="src\about.h">
      <Filter>Header Files</Filter>
    </ClInclude>
    <ClInclude Include="src\audio_detect.h">
      <Filter>Header Files</Filter>
    </ClInclude>
    <ClInclude Include="src\encrypt.h">
      <Filter>Header Files</Filter>
    </ClInclude>
    <ClInclude Include="src\Blip_Buffer.h">
      <Filter>Header Files</Filter>
    </ClInclude>
    <ClInclude Include="src\breakpoints.h">
      <Filter>Header Files</Filter>
    </ClInclude>
    <ClInclude Include="src\cdp1802.h">
      <Filter>Header Files</Filter>
    </ClInclude>
    <ClInclude Include="src\cidelsa.h">
      <Filter>Header Files</Filter>
    </ClInclude>
    <ClInclude Include="src\cidelsastatusbar.h">
      <Filter>Header Files</Filter>
    </ClInclude>
    <ClInclude Include="src\colour.h">
      <Filter>Header Files</Filter>
    </ClInclude>
    <ClInclude Include="src\computer.h">
      <Filter>Header Files</Filter>
    </ClInclude>
    <ClInclude Include="src\comx35.h">
      <Filter>Header Files</Filter>
    </ClInclude>
    <ClInclude Include="src\comxstatusbar.h">
      <Filter>Header Files</Filter>
    </ClInclude>
    <ClInclude Include="src\configuration.h">
      <Filter>Header Files</Filter>
    </ClInclude>
    <ClInclude Include="src\cosmicos.h">
      <Filter>Header Files</Filter>
    </ClInclude>
    <ClInclude Include="src\cosmicoshex.h">
      <Filter>Header Files</Filter>
    </ClInclude>
    <ClInclude Include="src\datadir.h">
      <Filter>Header Files</Filter>
    </ClInclude>
    <ClInclude Include="src\debug.h">
      <Filter>Header Files</Filter>
    </ClInclude>
    <ClInclude Include="src\diagstatusbar.h">
      <Filter>Header Files</Filter>
    </ClInclude>
    <ClInclude Include="src\elf.h">
      <Filter>Header Files</Filter>
    </ClInclude>
    <ClInclude Include="src\elf2.h">
      <Filter>Header Files</Filter>
    </ClInclude>
    <ClInclude Include="src\elf2k.h">
      <Filter>Header Files</Filter>
    </ClInclude>
    <ClInclude Include="src\elf2kdisk.h">
      <Filter>Header Files</Filter>
    </ClInclude>
    <ClInclude Include="src\elf2khex.h">
      <Filter>Header Files</Filter>
    </ClInclude>
    <ClInclude Include="src\elf2kswitch.h">
      <Filter>Header Files</Filter>
    </ClInclude>
    <ClInclude Include="src\elfconfiguration.h">
      <Filter>Header Files</Filter>
    </ClInclude>
    <ClInclude Include="src\eti660.h">
      <Filter>Header Files</Filter>
    </ClInclude>
    <ClInclude Include="src\expansion.h">
      <Filter>Header Files</Filter>
    </ClInclude>
    <ClInclude Include="src\fdc.h">
      <Filter>Header Files</Filter>
    </ClInclude>
    <ClInclude Include="src\functionkey.h">
      <Filter>Header Files</Filter>
    </ClInclude>
    <ClInclude Include="src\guicidelsa.h">
      <Filter>Header Files</Filter>
    </ClInclude>
    <ClInclude Include="src\guicomx.h">
      <Filter>Header Files</Filter>
    </ClInclude>
    <ClInclude Include="src\guicosmicos.h">
      <Filter>Header Files</Filter>
    </ClInclude>
    <ClInclude Include="src\guidiag.h">
      <Filter>Header Files</Filter>
    </ClInclude>
    <ClInclude Include="src\guielf.h">
      <Filter>Header Files</Filter>
    </ClInclude>
    <ClInclude Include="src\guielf2k.h">
      <Filter>Header Files</Filter>
    </ClInclude>
    <ClInclude Include="src\guieprom.h">
      <Filter>Header Files</Filter>
    </ClInclude>
    <ClInclude Include="src\guieti660.h">
      <Filter>Header Files</Filter>
    </ClInclude>
    <ClInclude Include="src\guimain.h">
      <Filter>Header Files</Filter>
    </ClInclude>
    <ClInclude Include="src\guimcds.h">
      <Filter>Header Files</Filter>
    </ClInclude>
    <ClInclude Include="src\guimembership.h">
      <Filter>Header Files</Filter>
    </ClInclude>
    <ClInclude Include="src\guimicrotutor.h">
      <Filter>Header Files</Filter>
    </ClInclude>
    <ClInclude Include="src\guims2000.h">
      <Filter>Header Files</Filter>
    </ClInclude>
    <ClInclude Include="src\guinano.h">
      <Filter>Header Files</Filter>
    </ClInclude>
    <ClInclude Include="src\guipecom.h">
      <Filter>Header Files</Filter>
    </ClInclude>
    <ClInclude Include="src\guipopup.h">
      <Filter>Header Files</Filter>
    </ClInclude>
    <ClInclude Include="src\guisb.h">
      <Filter>Header Files</Filter>
    </ClInclude>
    <ClInclude Include="src\guistudio2.h">
      <Filter>Header Files</Filter>
    </ClInclude>
    <ClInclude Include="src\guitmc600.h">
      <Filter>Header Files</Filter>
    </ClInclude>
    <ClInclude Include="src\guitmc2000.h">
      <Filter>Header Files</Filter>
    </ClInclude>
    <ClInclude Include="src\guivelf.h">
      <Filter>Header Files</Filter>
    </ClInclude>
    <ClInclude Include="src\guivip.h">
      <Filter>Header Files</Filter>
    </ClInclude>
    <ClInclude Include="src\guivip2.h">
      <Filter>Header Files</Filter>
    </ClInclude>
    <ClInclude Include="src\hbelf.h">
      <Filter>Header Files</Filter>
    </ClInclude>
    <ClInclude Include="src\i8275.h">
      <Filter>Header Files</Filter>
    </ClInclude>
    <ClInclude Include="src\ide.h">
      <Filter>Header Files</Filter>
    </ClInclude>
    <ClInclude Include="src\iodevice.h">
      <Filter>Header Files</Filter>
    </ClInclude>
    <ClInclude Include="src\joycard.h">
      <Filter>Header Files</Filter>
    </ClInclude>
    <ClInclude Include="src\keyboard.h">
      <Filter>Header Files</Filter>
    </ClInclude>
    <ClInclude Include="src\keymap.h">
      <Filter>Header Files</Filter>
    </ClInclude>
    <ClInclude Include="src\keymaptmc.h">
      <Filter>Header Files</Filter>
    </ClInclude>
    <ClInclude Include="src\keypad.h">
      <Filter>Header Files</Filter>
    </ClInclude>
    <ClInclude Include="src\led.h">
      <Filter>Header Files</Filter>
    </ClInclude>
    <ClInclude Include="src\ledmodule.h">
      <Filter>Header Files</Filter>
    </ClInclude>
    <ClInclude Include="src\mac.h">
      <Filter>Header Files</Filter>
    </ClInclude>
    <ClInclude Include="src\main.h">
      <Filter>Header Files</Filter>
    </ClInclude>
    <ClInclude Include="src\mc6845.h">
      <Filter>Header Files</Filter>
    </ClInclude>
    <ClInclude Include="src\mc6847.h">
      <Filter>Header Files</Filter>
    </ClInclude>
    <ClInclude Include="src\mcds.h">
      <Filter>Header Files</Filter>
    </ClInclude>
    <ClInclude Include="src\member.h">
      <Filter>Header Files</Filter>
    </ClInclude>
    <ClInclude Include="src\memory.h">
      <Filter>Header Files</Filter>
    </ClInclude>
    <ClInclude Include="src\microtutor.h">
      <Filter>Header Files</Filter>
    </ClInclude>
    <ClInclude Include="src\ms2000.h">
      <Filter>Header Files</Filter>
    </ClInclude>
    <ClInclude Include="src\nano.h">
      <Filter>Header Files</Filter>
    </ClInclude>
    <ClInclude Include="src\pecom.h">
      <Filter>Header Files</Filter>
    </ClInclude>
    <ClInclude Include="src\pixie.h">
      <Filter>Header Files</Filter>
    </ClInclude>
    <ClInclude Include="src\portext.h">
      <Filter>Header Files</Filter>
    </ClInclude>
    <ClInclude Include="src\ports.h">
      <Filter>Header Files</Filter>
    </ClInclude>
    <ClInclude Include="src\vip2.h">
      <Filter>Header Files</Filter>
    </ClInclude>
    <ClInclude Include="src\printer.h">
      <Filter>Header Files</Filter>
    </ClInclude>
    <ClInclude Include="src\ps2.h">
      <Filter>Header Files</Filter>
    </ClInclude>
    <ClInclude Include="src\ps2gpio.h">
      <Filter>Header Files</Filter>
    </ClInclude>
    <ClInclude Include="src\psave.h">
      <Filter>Header Files</Filter>
    </ClInclude>
    <ClInclude Include="src\pushbutton.h">
      <Filter>Header Files</Filter>
    </ClInclude>
    <ClInclude Include="src\SDL_audioin.h">
      <Filter>Header Files</Filter>
    </ClInclude>
    <ClInclude Include="src\SDL_audioin_internal.h">
      <Filter>Header Files</Filter>
    </ClInclude>
    <ClInclude Include="src\sound.h">
      <Filter>Header Files</Filter>
    </ClInclude>
    <ClInclude Include="src\splash.h">
      <Filter>Header Files</Filter>
    </ClInclude>
    <ClInclude Include="src\studio2.h">
      <Filter>Header Files</Filter>
    </ClInclude>
    <ClInclude Include="src\super.h">
      <Filter>Header Files</Filter>
    </ClInclude>
    <ClInclude Include="src\Sync_Audio.h">
      <Filter>Header Files</Filter>
    </ClInclude>
    <ClInclude Include="src\til311.h">
      <Filter>Header Files</Filter>
    </ClInclude>
    <ClInclude Include="src\til313.full.h">
      <Filter>Header Files</Filter>
    </ClInclude>
    <ClInclude Include="src\til313.h">
      <Filter>Header Files</Filter>
    </ClInclude>
    <ClInclude Include="src\tmc600.h">
      <Filter>Header Files</Filter>
    </ClInclude>
    <ClInclude Include="src\tmc1800.h">
      <Filter>Header Files</Filter>
    </ClInclude>
    <ClInclude Include="src\tmc2000.h">
      <Filter>Header Files</Filter>
    </ClInclude>
    <ClInclude Include="src\tms9918.h">
      <Filter>Header Files</Filter>
    </ClInclude>
    <ClInclude Include="src\upd765.h">
      <Filter>Header Files</Filter>
    </ClInclude>
    <ClInclude Include="src\usb.h">
      <Filter>Header Files</Filter>
    </ClInclude>
    <ClInclude Include="src\v1870.h">
      <Filter>Header Files</Filter>
    </ClInclude>
    <ClInclude Include="src\velf.h">
      <Filter>Header Files</Filter>
    </ClInclude>
    <ClInclude Include="src\victory.h">
      <Filter>Header Files</Filter>
    </ClInclude>
    <ClInclude Include="src\video.h">
      <Filter>Header Files</Filter>
    </ClInclude>
    <ClInclude Include="src\vip.h">
      <Filter>Header Files</Filter>
    </ClInclude>
    <ClInclude Include="src\vip2statusbar.h">
      <Filter>Header Files</Filter>
    </ClInclude>
    <ClInclude Include="src\visicom.h">
      <Filter>Header Files</Filter>
    </ClInclude>
    <ClInclude Include="src\vt100.h">
      <Filter>Header Files</Filter>
    </ClInclude>
    <ClInclude Include="src\vtsetup.h">
      <Filter>Header Files</Filter>
    </ClInclude>
    <ClInclude Include="src\waveReader.h">
      <Filter>Header Files</Filter>
    </ClInclude>
    <ClInclude Include="src\waveWriter.h">
      <Filter>Header Files</Filter>
    </ClInclude>
    <ClInclude Include="src\base.h">
      <Filter>Header Files</Filter>
    </ClInclude>
    <ClInclude Include="src\http.h">
      <Filter>Header Files</Filter>
    </ClInclude>
  </ItemGroup>
  <ItemGroup>
    <Filter Include="Header Files">
      <UniqueIdentifier>{c1417570-26d5-4a5c-873a-359f71c24dc5}</UniqueIdentifier>
    </Filter>
    <Filter Include="Resource Files">
      <UniqueIdentifier>{18911736-170d-41ab-b0f0-a7fa3a564197}</UniqueIdentifier>
    </Filter>
    <Filter Include="Source Files">
      <UniqueIdentifier>{47a9a0dc-05da-47af-b8ad-ddbad0500cd0}</UniqueIdentifier>
    </Filter>
  </ItemGroup>
  <ItemGroup>
    <Image Include="images\app.ico">
      <Filter>Resource Files</Filter>
    </Image>
  </ItemGroup>
  <ItemGroup>
    <ResourceCompile Include="Emma 02.rc">
      <Filter>Resource Files</Filter>
    </ResourceCompile>
  </ItemGroup>
  <ItemGroup>
    <None Include="Release\main.xrc">
      <Filter>Resource Files</Filter>
    </None>
  </ItemGroup>
</Project>